
Microsoft Visual Studio Solution File, Format Version 12.00
# Visual Studio Version 17
VisualStudioVersion = 17.5.002.0
MinimumVisualStudioVersion = 10.0.40219.1
Project("{2150E333-8FDC-42A3-9474-1A3956D46DE8}") = "Lesson1", "Lesson1", "{9CE09424-0F47-45CB-8C7B-652D177CB7C2}"
EndProject
Project("{9A19103F-16F7-4668-BE54-9A1E7A4F7556}") = "Task1", "Lesson1\Task1\Task1.csproj", "{FF626E57-6F2A-4328-9540-917F547AF786}"
EndProject
Project("{9A19103F-16F7-4668-BE54-9A1E7A4F7556}") = "Task2", "Lesson1\Task2\Task2.csproj", "{74EF3A61-4608-4857-98D2-625EF0A80F32}"
EndProject
Project("{9A19103F-16F7-4668-BE54-9A1E7A4F7556}") = "Task3", "Lesson1\Task3\Task3.csproj", "{2CF57D70-64B5-421D-8E9F-3FB437AE8CFE}"
EndProject
Project("{9A19103F-16F7-4668-BE54-9A1E7A4F7556}") = "Task4", "Lesson1\Task4\Task4.csproj", "{C9607281-DE43-4A49-8024-5E74808796D4}"
EndProject
Project("{9A19103F-16F7-4668-BE54-9A1E7A4F7556}") = "Task5", "Lesson1\Task5\Task5.csproj", "{2A6E77CF-5907-4D9F-BA8E-6E30AD1A04F4}"
EndProject
Global
	GlobalSection(SolutionConfigurationPlatforms) = preSolution
		Debug|Any CPU = Debug|Any CPU
		Release|Any CPU = Release|Any CPU
	EndGlobalSection
	GlobalSection(ProjectConfigurationPlatforms) = postSolution
		{FF626E57-6F2A-4328-9540-917F547AF786}.Debug|Any CPU.ActiveCfg = Debug|Any CPU
		{FF626E57-6F2A-4328-9540-917F547AF786}.Debug|Any CPU.Build.0 = Debug|Any CPU
		{FF626E57-6F2A-4328-9540-917F547AF786}.Release|Any CPU.ActiveCfg = Release|Any CPU
		{FF626E57-6F2A-4328-9540-917F547AF786}.Release|Any CPU.Build.0 = Release|Any CPU
		{74EF3A61-4608-4857-98D2-625EF0A80F32}.Debug|Any CPU.ActiveCfg = Debug|Any CPU
		{74EF3A61-4608-4857-98D2-625EF0A80F32}.Debug|Any CPU.Build.0 = Debug|Any CPU
		{74EF3A61-4608-4857-98D2-625EF0A80F32}.Release|Any CPU.ActiveCfg = Release|Any CPU
		{74EF3A61-4608-4857-98D2-625EF0A80F32}.Release|Any CPU.Build.0 = Release|Any CPU
		{2CF57D70-64B5-421D-8E9F-3FB437AE8CFE}.Debug|Any CPU.ActiveCfg = Debug|Any CPU
		{2CF57D70-64B5-421D-8E9F-3FB437AE8CFE}.Debug|Any CPU.Build.0 = Debug|Any CPU
		{2CF57D70-64B5-421D-8E9F-3FB437AE8CFE}.Release|Any CPU.ActiveCfg = Release|Any CPU
		{2CF57D70-64B5-421D-8E9F-3FB437AE8CFE}.Release|Any CPU.Build.0 = Release|Any CPU
		{C9607281-DE43-4A49-8024-5E74808796D4}.Debug|Any CPU.ActiveCfg = Debug|Any CPU
		{C9607281-DE43-4A49-8024-5E74808796D4}.Debug|Any CPU.Build.0 = Debug|Any CPU
		{C9607281-DE43-4A49-8024-5E74808796D4}.Release|Any CPU.ActiveCfg = Release|Any CPU
		{C9607281-DE43-4A49-8024-5E74808796D4}.Release|Any CPU.Build.0 = Release|Any CPU
		{2A6E77CF-5907-4D9F-BA8E-6E30AD1A04F4}.Debug|Any CPU.ActiveCfg = Debug|Any CPU
		{2A6E77CF-5907-4D9F-BA8E-6E30AD1A04F4}.Debug|Any CPU.Build.0 = Debug|Any CPU
		{2A6E77CF-5907-4D9F-BA8E-6E30AD1A04F4}.Release|Any CPU.ActiveCfg = Release|Any CPU
		{2A6E77CF-5907-4D9F-BA8E-6E30AD1A04F4}.Release|Any CPU.Build.0 = Release|Any CPU
	EndGlobalSection
	GlobalSection(SolutionProperties) = preSolution
		HideSolutionNode = FALSE
	EndGlobalSection
	GlobalSection(NestedProjects) = preSolution
		{FF626E57-6F2A-4328-9540-917F547AF786} = {9CE09424-0F47-45CB-8C7B-652D177CB7C2}
		{74EF3A61-4608-4857-98D2-625EF0A80F32} = {9CE09424-0F47-45CB-8C7B-652D177CB7C2}
		{2CF57D70-64B5-421D-8E9F-3FB437AE8CFE} = {9CE09424-0F47-45CB-8C7B-652D177CB7C2}
		{C9607281-DE43-4A49-8024-5E74808796D4} = {9CE09424-0F47-45CB-8C7B-652D177CB7C2}
		{2A6E77CF-5907-4D9F-BA8E-6E30AD1A04F4} = {9CE09424-0F47-45CB-8C7B-652D177CB7C2}
	EndGlobalSection
	GlobalSection(ExtensibilityGlobals) = postSolution
		SolutionGuid = {BBA5F1B6-4529-47AA-B8A2-1069D1AD22DE}
	EndGlobalSection
EndGlobal
